// !$*UTF8*$!
{
	archiveVersion = 1;
	classes = {
	};
	objectVersion = 46;
	objects = {

/* Begin PBXBuildFile section */
		B689AE2B1D55AE8200601839 /* main.m in Sources */ = {isa = PBXBuildFile; fileRef = B689AE2A1D55AE8200601839 /* main.m */; };
		B689AE2E1D55AE8200601839 /* AppDelegate.m in Sources */ = {isa = PBXBuildFile; fileRef = B689AE2D1D55AE8200601839 /* AppDelegate.m */; };
		B689AE311D55AE8200601839 /* ViewController.m in Sources */ = {isa = PBXBuildFile; fileRef = B689AE301D55AE8200601839 /* ViewController.m */; };
		B689AE361D55AE8200601839 /* Assets.xcassets in Resources */ = {isa = PBXBuildFile; fileRef = B689AE351D55AE8200601839 /* Assets.xcassets */; };
		B689AE391D55AE8200601839 /* LaunchScreen.storyboard in Resources */ = {isa = PBXBuildFile; fileRef = B689AE371D55AE8200601839 /* LaunchScreen.storyboard */; };
		B689AE431D55AEC100601839 /* ModalViewController.m in Sources */ = {isa = PBXBuildFile; fileRef = B689AE421D55AEC100601839 /* ModalViewController.m */; };
		B689AE471D55B36500601839 /* BouncePressentAnimation.m in Sources */ = {isa = PBXBuildFile; fileRef = B689AE461D55B36500601839 /* BouncePressentAnimation.m */; };
		B689AE4A1D55C38D00601839 /* SwipeUpInteractiveTransition.m in Sources */ = {isa = PBXBuildFile; fileRef = B689AE491D55C38D00601839 /* SwipeUpInteractiveTransition.m */; };
		B689AE4D1D55CB3A00601839 /* ViewControllerDismissAnimation.m in Sources */ = {isa = PBXBuildFile; fileRef = B689AE4C1D55CB3A00601839 /* ViewControllerDismissAnimation.m */; };
/* End PBXBuildFile section */

/* Begin PBXFileReference section */
		B689AE261D55AE8200601839 /* CustomVCTransition.app */ = {isa = PBXFileReference; explicitFileType = wrapper.application; includeInIndex = 0; path = CustomVCTransition.app; sourceTree = BUILT_PRODUCTS_DIR; };
		B689AE2A1D55AE8200601839 /* main.m */ = {isa = PBXFileReference; lastKnownFileType = sourcecode.c.objc; path = main.m; sourceTree = "<group>"; };
		B689AE2C1D55AE8200601839 /* AppDelegate.h */ = {isa = PBXFileReference; lastKnownFileType = sourcecode.c.h; path = AppDelegate.h; sourceTree = "<group>"; };
		B689AE2D1D55AE8200601839 /* AppDelegate.m */ = {isa = PBXFileReference; lastKnownFileType = sourcecode.c.objc; path = AppDelegate.m; sourceTree = "<group>"; };
		B689AE2F1D55AE8200601839 /* ViewController.h */ = {isa = PBXFileReference; lastKnownFileType = sourcecode.c.h; path = ViewController.h; sourceTree = "<group>"; };
		B689AE301D55AE8200601839 /* ViewController.m */ = {isa = PBXFileReference; lastKnownFileType = sourcecode.c.objc; path = ViewController.m; sourceTree = "<group>"; };
		B689AE351D55AE8200601839 /* Assets.xcassets */ = {isa = PBXFileReference; lastKnownFileType = folder.assetcatalog; path = Assets.xcassets; sourceTree = "<group>"; };
		B689AE381D55AE8200601839 /* Base */ = {isa = PBXFileReference; lastKnownFileType = file.storyboard; name = Base; path = Base.lproj/LaunchScreen.storyboard; sourceTree = "<group>"; };
		B689AE3A1D55AE8200601839 /* Info.plist */ = {isa = PBXFileReference; lastKnownFileType = text.plist.xml; path = Info.plist; sourceTree = "<group>"; };
		B689AE411D55AEC100601839 /* ModalViewController.h */ = {isa = PBXFileReference; fileEncoding = 4; lastKnownFileType = sourcecode.c.h; path = ModalViewController.h; sourceTree = "<group>"; };
		B689AE421D55AEC100601839 /* ModalViewController.m */ = {isa = PBXFileReference; fileEncoding = 4; lastKnownFileType = sourcecode.c.objc; path = ModalViewController.m; sourceTree = "<group>"; };
		B689AE451D55B36500601839 /* BouncePressentAnimation.h */ = {isa = PBXFileReference; fileEncoding = 4; lastKnownFileType = sourcecode.c.h; path = BouncePressentAnimation.h; sourceTree = "<group>"; };
		B689AE461D55B36500601839 /* BouncePressentAnimation.m */ = {isa = PBXFileReference; fileEncoding = 4; lastKnownFileType = sourcecode.c.objc; path = BouncePressentAnimation.m; sourceTree = "<group>"; };
		B689AE481D55C38D00601839 /* SwipeUpInteractiveTransition.h */ = {isa = PBXFileReference; fileEncoding = 4; lastKnownFileType = sourcecode.c.h; path = SwipeUpInteractiveTransition.h; sourceTree = "<group>"; };
		B689AE491D55C38D00601839 /* SwipeUpInteractiveTransition.m */ = {isa = PBXFileReference; fileEncoding = 4; lastKnownFileType = sourcecode.c.objc; path = SwipeUpInteractiveTransition.m; sourceTree = "<group>"; };
		B689AE4B1D55CB3A00601839 /* ViewControllerDismissAnimation.h */ = {isa = PBXFileReference; fileEncoding = 4; lastKnownFileType = sourcecode.c.h; path = ViewControllerDismissAnimation.h; sourceTree = "<group>"; };
		B689AE4C1D55CB3A00601839 /* ViewControllerDismissAnimation.m */ = {isa = PBXFileReference; fileEncoding = 4; lastKnownFileType = sourcecode.c.objc; path = ViewControllerDismissAnimation.m; sourceTree = "<group>"; };
/* End PBXFileReference section */

/* Begin PBXFrameworksBuildPhase section */
		B689AE231D55AE8200601839 /* Frameworks */ = {
			isa = PBXFrameworksBuildPhase;
			buildActionMask = 2147483647;
			files = (
			);
			runOnlyForDeploymentPostprocessing = 0;
		};
/* End PBXFrameworksBuildPhase section */

/* Begin PBXGroup section */
		B689AE1D1D55AE8200601839 = {
			isa = PBXGroup;
			children = (
				B689AE281D55AE8200601839 /* CustomVCTransition */,
				B689AE271D55AE8200601839 /* Products */,
			);
			sourceTree = "<group>";
		};
		B689AE271D55AE8200601839 /* Products */ = {
			isa = PBXGroup;
			children = (
				B689AE261D55AE8200601839 /* CustomVCTransition.app */,
			);
			name = Products;
			sourceTree = "<group>";
		};
		B689AE281D55AE8200601839 /* CustomVCTransition */ = {
			isa = PBXGroup;
			children = (
				B689AE2C1D55AE8200601839 /* AppDelegate.h */,
				B689AE2D1D55AE8200601839 /* AppDelegate.m */,
				B689AE441D55B33900601839 /* Animation */,
				B689AE401D55AE9100601839 /* ViewController */,
				B689AE351D55AE8200601839 /* Assets.xcassets */,
				B689AE371D55AE8200601839 /* LaunchScreen.storyboard */,
				B689AE3A1D55AE8200601839 /* Info.plist */,
				B689AE291D55AE8200601839 /* Supporting Files */,
			);
			path = CustomVCTransition;
			sourceTree = "<group>";
		};
		B689AE291D55AE8200601839 /* Supporting Files */ = {
			isa = PBXGroup;
			children = (
				B689AE2A1D55AE8200601839 /* main.m */,
			);
			name = "Supporting Files";
			sourceTree = "<group>";
		};
		B689AE401D55AE9100601839 /* ViewController */ = {
			isa = PBXGroup;
			children = (
				B689AE2F1D55AE8200601839 /* ViewController.h */,
				B689AE301D55AE8200601839 /* ViewController.m */,
				B689AE411D55AEC100601839 /* ModalViewController.h */,
				B689AE421D55AEC100601839 /* ModalViewController.m */,
			);
			name = ViewController;
			sourceTree = "<group>";
		};
		B689AE441D55B33900601839 /* Animation */ = {
			isa = PBXGroup;
			children = (
				B689AE451D55B36500601839 /* BouncePressentAnimation.h */,
				B689AE461D55B36500601839 /* BouncePressentAnimation.m */,
				B689AE4B1D55CB3A00601839 /* ViewControllerDismissAnimation.h */,
				B689AE4C1D55CB3A00601839 /* ViewControllerDismissAnimation.m */,
				B689AE481D55C38D00601839 /* SwipeUpInteractiveTransition.h */,
				B689AE491D55C38D00601839 /* SwipeUpInteractiveTransition.m */,
			);
			name = Animation;
			sourceTree = "<group>";
		};
/* End PBXGroup section */

/* Begin PBXNativeTarget section */
		B689AE251D55AE8200601839 /* CustomVCTransition */ = {
			isa = PBXNativeTarget;
			buildConfigurationList = B689AE3D1D55AE8200601839 /* Build configuration list for PBXNativeTarget "CustomVCTransition" */;
			buildPhases = (
				B689AE221D55AE8200601839 /* Sources */,
				B689AE231D55AE8200601839 /* Frameworks */,
				B689AE241D55AE8200601839 /* Resources */,
			);
			buildRules = (
			);
			dependencies = (
			);
			name = CustomVCTransition;
			productName = CustomVCTransition;
			productReference = B689AE261D55AE8200601839 /* CustomVCTransition.app */;
			productType = "com.apple.product-type.application";
		};
/* End PBXNativeTarget section */

/* Begin PBXProject section */
		B689AE1E1D55AE8200601839 /* Project object */ = {
			isa = PBXProject;
			attributes = {
				LastUpgradeCheck = 0730;
				ORGANIZATIONNAME = victor;
				TargetAttributes = {
					B689AE251D55AE8200601839 = {
						CreatedOnToolsVersion = 7.3.1;
						DevelopmentTeam = YZ2L42YQ8T;
					};
				};
			};
			buildConfigurationList = B689AE211D55AE8200601839 /* Build configuration list for PBXProject "CustomVCTransition" */;
			compatibilityVersion = "Xcode 3.2";
			developmentRegion = English;
			hasScannedForEncodings = 0;
			knownRegions = (
				en,
				Base,
			);
			mainGroup = B689AE1D1D55AE8200601839;
			productRefGroup = B689AE271D55AE8200601839 /* Products */;
			projectDirPath = "";
			projectRoot = "";
			targets = (
				B689AE251D55AE8200601839 /* CustomVCTransition */,
			);
		};
/* End PBXProject section */

/* Begin PBXResourcesBuildPhase section */
		B689AE241D55AE8200601839 /* Resources */ = {
			isa = PBXResourcesBuildPhase;
			buildActionMask = 2147483647;
			files = (
				B689AE391D55AE8200601839 /* LaunchScreen.storyboard in Resources */,
				B689AE361D55AE8200601839 /* Assets.xcassets in Resources */,
			);
			runOnlyForDeploymentPostprocessing = 0;
		};
/* End PBXResourcesBuildPhase section */

/* Begin PBXSourcesBuildPhase section */
		B689AE221D55AE8200601839 /* Sources */ = {
			isa = PBXSourcesBuildPhase;
			buildActionMask = 2147483647;
			files = (
				B689AE431D55AEC100601839 /* ModalViewController.m in Sources */,
				B689AE311D55AE8200601839 /* ViewController.m in Sources */,
				B689AE471D55B36500601839 /* BouncePressentAnimation.m in Sources */,
				B689AE2E1D55AE8200601839 /* AppDelegate.m in Sources */,
				B689AE4D1D55CB3A00601839 /* ViewControllerDismissAnimation.m in Sources */,
				B689AE2B1D55AE8200601839 /* main.m in Sources */,
				B689AE4A1D55C38D00601839 /* SwipeUpInteractiveTransition.m in Sources */,
			);
			runOnlyForDeploymentPostprocessing = 0;
		};
/* End PBXSourcesBuildPhase section */

/* Begin PBXVariantGroup section */
		B689AE371D55AE8200601839 /* LaunchScreen.storyboard */ = {
			isa = PBXVariantGroup;
			children = (
				B689AE381D55AE8200601839 /* Base */,
			);
			name = LaunchScreen.storyboard;
			sourceTree = "<group>";
		};
/* End PBXVariantGroup section */

/* Begin XCBuildConfiguration section */
		B689AE3B1D55AE8200601839 /* Debug */ = {
			isa = XCBuildConfiguration;
			buildSettings = {
				ALWAYS_SEARCH_USER_PATHS = NO;
				CLANG_ANALYZER_NONNULL = YES;
				CLANG_CXX_LANGUAGE_STANDARD = "gnu++0x";
				CLANG_CXX_LIBRARY = "libc++";
				CLANG_ENABLE_MODULES = YES;
				CLANG_ENABLE_OBJC_ARC = YES;
				CLANG_WARN_BOOL_CONVERSION = YES;
				CLANG_WARN_CONSTANT_CONVERSION = YES;
				CLANG_WARN_DIRECT_OBJC_ISA_USAGE = YES_ERROR;
				CLANG_WARN_EMPTY_BODY = YES;
				CLANG_WARN_ENUM_CONVERSION = YES;
				CLANG_WARN_INT_CONVERSION = YES;
				CLANG_WARN_OBJC_ROOT_CLASS = YES_ERROR;
				CLANG_WARN_UNREACHABLE_CODE = YES;
				CLANG_WARN__DUPLICATE_METHOD_MATCH = YES;
				"CODE_SIGN_IDENTITY[sdk=iphoneos*]" = "iPhone Developer";
				COPY_PHASE_STRIP = NO;
				DEBUG_INFORMATION_FORMAT = dwarf;
				ENABLE_STRICT_OBJC_MSGSEND = YES;
				ENABLE_TESTABILITY = YES;
				GCC_C_LANGUAGE_STANDARD = gnu99;
				GCC_DYNAMIC_NO_PIC = NO;
				GCC_NO_COMMON_BLOCKS = YES;
				GCC_OPTIMIZATION_LEVEL = 0;
				GCC_PREPROCESSOR_DEFINITIONS = (
					"DEBUG=1",
					"$(inherited)",
				);
				GCC_WARN_64_TO_32_BIT_CONVERSION = YES;
				GCC_WARN_ABOUT_RETURN_TYPE = YES_ERROR;
				GCC_WARN_UNDECLARED_SELECTOR = YES;
				GCC_WARN_UNINITIALIZED_AUTOS = YES_AGGRESSIVE;
				GCC_WARN_UNUSED_FUNCTION = YES;
				GCC_WARN_UNUSED_VARIABLE = YES;
				IPHONEOS_DEPLOYMENT_TARGET = 9.3;
				MTL_ENABLE_DEBUG_INFO = YES;
				ONLY_ACTIVE_ARCH = YES;
				SDKROOT = iphoneos;
			};
			name = Debug;
		};
		B689AE3C1D55AE8200601839 /* Release */ = {
			isa = XCBuildConfiguration;
			buildSettings = {
				ALWAYS_SEARCH_USER_PATHS = NO;
				CLANG_ANALYZER_NONNULL = YES;
				CLANG_CXX_LANGUAGE_STANDARD = "gnu++0x";
				CLANG_CXX_LIBRARY = "libc++";
				CLANG_ENABLE_MODULES = YES;
				CLANG_ENABLE_OBJC_ARC = YES;
				CLANG_WARN_BOOL_CONVERSION = YES;
				CLANG_WARN_CONSTANT_CONVERSION = YES;
				CLANG_WARN_DIRECT_OBJC_ISA_USAGE = YES_ERROR;
				CLANG_WARN_EMPTY_BODY = YES;
				CLANG_WARN_ENUM_CONVERSION = YES;
				CLANG_WARN_INT_CONVERSION = YES;
				CLANG_WARN_OBJC_ROOT_CLASS = YES_ERROR;
				CLANG_WARN_UNREACHABLE_CODE = YES;
				CLANG_WARN__DUPLICATE_METHOD_MATCH = YES;
				"CODE_SIGN_IDENTITY[sdk=iphoneos*]" = "iPhone Developer";
				COPY_PHASE_STRIP = NO;
				DEBUG_INFORMATION_FORMAT = "dwarf-with-dsym";
				ENABLE_NS_ASSERTIONS = NO;
				ENABLE_STRICT_OBJC_MSGSEND = YES;
				GCC_C_LANGUAGE_STANDARD = gnu99;
				GCC_NO_COMMON_BLOCKS = YES;
				GCC_WARN_64_TO_32_BIT_CONVERSION = YES;
				GCC_WARN_ABOUT_RETURN_TYPE = YES_ERROR;
				GCC_WARN_UNDECLARED_SELECTOR = YES;
				GCC_WARN_UNINITIALIZED_AUTOS = YES_AGGRESSIVE;
				GCC_WARN_UNUSED_FUNCTION = YES;
				GCC_WARN_UNUSED_VARIABLE = YES;
				IPHONEOS_DEPLOYMENT_TARGET = 9.3;
				MTL_ENABLE_DEBUG_INFO = NO;
				SDKROOT = iphoneos;
				VALIDATE_PRODUCT = YES;
			};
			name = Release;
		};
		B689AE3E1D55AE8200601839 /* Debug */ = {
			isa = XCBuildConfiguration;
			buildSettings = {
				ASSETCATALOG_COMPILER_APPICON_NAME = AppIcon;
				INFOPLIST_FILE = CustomVCTransition/Info.plist;
				LD_RUNPATH_SEARCH_PATHS = "$(inherited) @executable_path/Frameworks";
				PRODUCT_BUNDLE_IDENTIFIER = v.q.CustomVCTransition;
				PRODUCT_NAME = "$(TARGET_NAME)";
			};
			name = Debug;
		};
		B689AE3F1D55AE8200601839 /* Release */ = {
			isa = XCBuildConfiguration;
			buildSettings = {
				ASSETCATALOG_COMPILER_APPICON_NAME = AppIcon;
				INFOPLIST_FILE = CustomVCTransition/Info.plist;
				LD_RUNPATH_SEARCH_PATHS = "$(inherited) @executable_path/Frameworks";
				PRODUCT_BUNDLE_IDENTIFIER = v.q.CustomVCTransition;
				PRODUCT_NAME = "$(TARGET_NAME)";
			};
			name = Release;
		};
/* End XCBuildConfiguration section */

/* Begin XCConfigurationList section */
		B689AE211D55AE8200601839 /* Build configuration list for PBXProject "CustomVCTransition" */ = {
			isa = XCConfigurationList;
			buildConfigurations = (
				B689AE3B1D55AE8200601839 /* Debug */,
				B689AE3C1D55AE8200601839 /* Release */,
			);
			defaultConfigurationIsVisible = 0;
			defaultConfigurationName = Release;
		};
		B689AE3D1D55AE8200601839 /* Build configuration list for PBXNativeTarget "CustomVCTransition" */ = {
			isa = XCConfigurationList;
			buildConfigurations = (
				B689AE3E1D55AE8200601839 /* Debug */,
				B689AE3F1D55AE8200601839 /* Release */,
			);
			defaultConfigurationIsVisible = 0;
		};
/* End XCConfigurationList section */
	};
	rootObject = B689AE1E1D55AE8200601839 /* Project object */;
}
